
Microsoft Visual Studio Solution File, Format Version 12.00
# Visual Studio Version 17
VisualStudioVersion = 17.4.33213.308
MinimumVisualStudioVersion = 10.0.40219.1
Project("{FAE04EC0-301F-11D3-BF4B-00C04F79EFBC}") = "WiredBrainCoffee.CustomersApp", "WiredBrainCoffee.CustomersApp\WiredBrainCoffee.CustomersApp.csproj", "{EEC9FC67-408D-4FB4-81C1-219A7065CF68}"
EndProject
Global
	GlobalSection(SolutionConfigurationPlatforms) = preSolution
		Debug|Any CPU = Debug|Any CPU
		Release|Any CPU = Release|Any CPU
	EndGlobalSection
	GlobalSection(ProjectConfigurationPlatforms) = postSolution
		{EEC9FC67-408D-4FB4-81C1-219A7065CF68}.Debug|Any CPU.ActiveCfg = Debug|Any CPU
		{EEC9FC67-408D-4FB4-81C1-219A7065CF68}.Debug|Any CPU.Build.0 = Debug|Any CPU
		{EEC9FC67-408D-4FB4-81C1-219A7065CF68}.Release|Any CPU.ActiveCfg = Release|Any CPU
		{EEC9FC67-408D-4FB4-81C1-219A7065CF68}.Release|Any CPU.Build.0 = Release|Any CPU
	EndGlobalSection
	GlobalSection(SolutionProperties) = preSolution
		HideSolutionNode = FALSE
	EndGlobalSection
	GlobalSection(ExtensibilityGlobals) = postSolution
		SolutionGuid = {64DFA23F-B523-441B-81A3-62EA8E2CCB76}
	EndGlobalSection
EndGlobal
